
Microsoft Visual Studio Solution File, Format Version 12.00
# Visual Studio Version 17
VisualStudioVersion = 17.0.31710.8
MinimumVisualStudioVersion = 10.0.40219.1
Project("{FAE04EC0-301F-11D3-BF4B-00C04F79EFBC}") = "TodoApp", "TodoApp\TodoApp.csproj", "{7E488826-9B29-40D6-BF6E-0CF6A0D40C69}"
EndProject
Global
	GlobalSection(SolutionConfigurationPlatforms) = preSolution
		Debug|Any CPU = Debug|Any CPU
		Release|Any CPU = Release|Any CPU
	EndGlobalSection
	GlobalSection(ProjectConfigurationPlatforms) = postSolution
		{7E488826-9B29-40D6-BF6E-0CF6A0D40C69}.Debug|Any CPU.ActiveCfg = Debug|Any CPU
		{7E488826-9B29-40D6-BF6E-0CF6A0D40C69}.Debug|Any CPU.Build.0 = Debug|Any CPU
		{7E488826-9B29-40D6-BF6E-0CF6A0D40C69}.Release|Any CPU.ActiveCfg = Release|Any CPU
		{7E488826-9B29-40D6-BF6E-0CF6A0D40C69}.Release|Any CPU.Build.0 = Release|Any CPU
	EndGlobalSection
	GlobalSection(SolutionProperties) = preSolution
		HideSolutionNode = FALSE
	EndGlobalSection
	GlobalSection(ExtensibilityGlobals) = postSolution
		SolutionGuid = {1824FB37-1900-4200-A675-FE04665E239A}
	EndGlobalSection
EndGlobal
